
Microsoft Visual Studio Solution File, Format Version 12.00
# Visual Studio Version 17
VisualStudioVersion = 17.3.32811.315
MinimumVisualStudioVersion = 10.0.40219.1
Project("{FAE04EC0-301F-11D3-BF4B-00C04F79EFBC}") = "Engineering Units API", "Engineering Units API\Engineering Units API.csproj", "{4BC3A5FC-52F7-4186-BE98-FB082E238504}"
EndProject
Project("{FAE04EC0-301F-11D3-BF4B-00C04F79EFBC}") = "Engineering Units", "Engineering Units\Engineering Units.csproj", "{0C4153DF-D74A-4EDA-8736-66F1E71AE6D5}"
EndProject
Project("{FAE04EC0-301F-11D3-BF4B-00C04F79EFBC}") = "Engineering Units Console", "Engineering Units Console\Engineering Units Console.csproj", "{36AE9732-976E-4E3B-AF39-1A097C1F8FD2}"
EndProject
Global
	GlobalSection(SolutionConfigurationPlatforms) = preSolution
		Debug|Any CPU = Debug|Any CPU
		Release|Any CPU = Release|Any CPU
	EndGlobalSection
	GlobalSection(ProjectConfigurationPlatforms) = postSolution
		{4BC3A5FC-52F7-4186-BE98-FB082E238504}.Debug|Any CPU.ActiveCfg = Debug|Any CPU
		{4BC3A5FC-52F7-4186-BE98-FB082E238504}.Debug|Any CPU.Build.0 = Debug|Any CPU
		{4BC3A5FC-52F7-4186-BE98-FB082E238504}.Release|Any CPU.ActiveCfg = Release|Any CPU
		{4BC3A5FC-52F7-4186-BE98-FB082E238504}.Release|Any CPU.Build.0 = Release|Any CPU
		{0C4153DF-D74A-4EDA-8736-66F1E71AE6D5}.Debug|Any CPU.ActiveCfg = Debug|Any CPU
		{0C4153DF-D74A-4EDA-8736-66F1E71AE6D5}.Debug|Any CPU.Build.0 = Debug|Any CPU
		{0C4153DF-D74A-4EDA-8736-66F1E71AE6D5}.Release|Any CPU.ActiveCfg = Release|Any CPU
		{0C4153DF-D74A-4EDA-8736-66F1E71AE6D5}.Release|Any CPU.Build.0 = Release|Any CPU
		{36AE9732-976E-4E3B-AF39-1A097C1F8FD2}.Debug|Any CPU.ActiveCfg = Debug|Any CPU
		{36AE9732-976E-4E3B-AF39-1A097C1F8FD2}.Debug|Any CPU.Build.0 = Debug|Any CPU
		{36AE9732-976E-4E3B-AF39-1A097C1F8FD2}.Release|Any CPU.ActiveCfg = Release|Any CPU
		{36AE9732-976E-4E3B-AF39-1A097C1F8FD2}.Release|Any CPU.Build.0 = Release|Any CPU
	EndGlobalSection
	GlobalSection(SolutionProperties) = preSolution
		HideSolutionNode = FALSE
	EndGlobalSection
	GlobalSection(ExtensibilityGlobals) = postSolution
		SolutionGuid = {B8E0F924-AFAA-4BEF-8840-35641648BC63}
	EndGlobalSection
EndGlobal
